// !$*UTF8*$!
{
	archiveVersion = 1;
	classes = {
	};
	objectVersion = 46;
	objects = {

/* Begin PBXBuildFile section */
		223058B81998E6AA001094C4 /* AppDelegate.swift in Sources */ = {isa = PBXBuildFile; fileRef = 223058B71998E6AA001094C4 /* AppDelegate.swift */; };
		223058BA1998E6AA001094C4 /* ViewController.swift in Sources */ = {isa = PBXBuildFile; fileRef = 223058B91998E6AA001094C4 /* ViewController.swift */; };
		223058BF1998E6AB001094C4 /* Images.xcassets in Resources */ = {isa = PBXBuildFile; fileRef = 223058BE1998E6AB001094C4 /* Images.xcassets */; };
		223058D51998E6E0001094C4 /* GraphView.swift in Sources */ = {isa = PBXBuildFile; fileRef = 223058D41998E6E0001094C4 /* GraphView.swift */; };
		3F589D720E9BE531675869E1 /* Pods_Graph.framework in Frameworks */ = {isa = PBXBuildFile; fileRef = DC42104D562D198C556E1005 /* Pods_Graph.framework */; };
		5242B86A1D989D3900B47A13 /* Storyboard.storyboard in Resources */ = {isa = PBXBuildFile; fileRef = 5242B8691D989D3900B47A13 /* Storyboard.storyboard */; };
/* End PBXBuildFile section */

/* Begin PBXFileReference section */
		223058B21998E6AA001094C4 /* Graph.app */ = {isa = PBXFileReference; explicitFileType = wrapper.application; includeInIndex = 0; path = Graph.app; sourceTree = BUILT_PRODUCTS_DIR; };
		223058B61998E6AA001094C4 /* Info.plist */ = {isa = PBXFileReference; lastKnownFileType = text.plist.xml; path = Info.plist; sourceTree = "<group>"; };
		223058B71998E6AA001094C4 /* AppDelegate.swift */ = {isa = PBXFileReference; lastKnownFileType = sourcecode.swift; path = AppDelegate.swift; sourceTree = "<group>"; };
		223058B91998E6AA001094C4 /* ViewController.swift */ = {isa = PBXFileReference; lastKnownFileType = sourcecode.swift; path = ViewController.swift; sourceTree = "<group>"; };
		223058BE1998E6AB001094C4 /* Images.xcassets */ = {isa = PBXFileReference; lastKnownFileType = folder.assetcatalog; path = Images.xcassets; sourceTree = "<group>"; };
		223058D41998E6E0001094C4 /* GraphView.swift */ = {isa = PBXFileReference; fileEncoding = 4; lastKnownFileType = sourcecode.swift; path = GraphView.swift; sourceTree = "<group>"; };
		2280B921199AA20500FD3D20 /* README.md */ = {isa = PBXFileReference; fileEncoding = 4; lastKnownFileType = net.daringfireball.markdown; path = README.md; sourceTree = SOURCE_ROOT; };
		5242B8691D989D3900B47A13 /* Storyboard.storyboard */ = {isa = PBXFileReference; fileEncoding = 4; lastKnownFileType = file.storyboard; path = Storyboard.storyboard; sourceTree = "<group>"; };
		8C87DF4AC3D83D59C1973628 /* Pods-Graph.release.xcconfig */ = {isa = PBXFileReference; includeInIndex = 1; lastKnownFileType = text.xcconfig; name = "Pods-Graph.release.xcconfig"; path = "Pods/Target Support Files/Pods-Graph/Pods-Graph.release.xcconfig"; sourceTree = "<group>"; };
		DC42104D562D198C556E1005 /* Pods_Graph.framework */ = {isa = PBXFileReference; explicitFileType = wrapper.framework; includeInIndex = 0; path = Pods_Graph.framework; sourceTree = BUILT_PRODUCTS_DIR; };
		E448B8CF29FCEAB3BB56D53D /* Pods-Graph.debug.xcconfig */ = {isa = PBXFileReference; includeInIndex = 1; lastKnownFileType = text.xcconfig; name = "Pods-Graph.debug.xcconfig"; path = "Pods/Target Support Files/Pods-Graph/Pods-Graph.debug.xcconfig"; sourceTree = "<group>"; };
/* End PBXFileReference section */

/* Begin PBXFrameworksBuildPhase section */
		223058AF1998E6AA001094C4 /* Frameworks */ = {
			isa = PBXFrameworksBuildPhase;
			buildActionMask = 2147483647;
			files = (
				3F589D720E9BE531675869E1 /* Pods_Graph.framework in Frameworks */,
			);
			runOnlyForDeploymentPostprocessing = 0;
		};
/* End PBXFrameworksBuildPhase section */

/* Begin PBXGroup section */
		1FBDB72EDC2193096980B69D /* Frameworks */ = {
			isa = PBXGroup;
			children = (
				DC42104D562D198C556E1005 /* Pods_Graph.framework */,
			);
			name = Frameworks;
			sourceTree = "<group>";
		};
		223058A91998E6AA001094C4 = {
			isa = PBXGroup;
			children = (
				2280B921199AA20500FD3D20 /* README.md */,
				223058B41998E6AA001094C4 /* Graph */,
				223058B31998E6AA001094C4 /* Products */,
				C90D9FB29ED46850C5025DDF /* Pods */,
				1FBDB72EDC2193096980B69D /* Frameworks */,
			);
			sourceTree = "<group>";
		};
		223058B31998E6AA001094C4 /* Products */ = {
			isa = PBXGroup;
			children = (
				223058B21998E6AA001094C4 /* Graph.app */,
			);
			name = Products;
			sourceTree = "<group>";
		};
		223058B41998E6AA001094C4 /* Graph */ = {
			isa = PBXGroup;
			children = (
				223058B71998E6AA001094C4 /* AppDelegate.swift */,
				223058B91998E6AA001094C4 /* ViewController.swift */,
				223058D41998E6E0001094C4 /* GraphView.swift */,
				223058BE1998E6AB001094C4 /* Images.xcassets */,
				223058B51998E6AA001094C4 /* Supporting Files */,
				5242B8691D989D3900B47A13 /* Storyboard.storyboard */,
			);
			path = Graph;
			sourceTree = "<group>";
		};
		223058B51998E6AA001094C4 /* Supporting Files */ = {
			isa = PBXGroup;
			children = (
				223058B61998E6AA001094C4 /* Info.plist */,
			);
			name = "Supporting Files";
			sourceTree = "<group>";
		};
		C90D9FB29ED46850C5025DDF /* Pods */ = {
			isa = PBXGroup;
			children = (
				E448B8CF29FCEAB3BB56D53D /* Pods-Graph.debug.xcconfig */,
				8C87DF4AC3D83D59C1973628 /* Pods-Graph.release.xcconfig */,
			);
			name = Pods;
			sourceTree = "<group>";
		};
/* End PBXGroup section */

/* Begin PBXNativeTarget section */
		223058B11998E6AA001094C4 /* Graph */ = {
			isa = PBXNativeTarget;
			buildConfigurationList = 223058CE1998E6AB001094C4 /* Build configuration list for PBXNativeTarget "Graph" */;
			buildPhases = (
				67B64E9FA84D8D0F8D6FFB83 /* [CP] Check Pods Manifest.lock */,
				223058AE1998E6AA001094C4 /* Sources */,
				223058AF1998E6AA001094C4 /* Frameworks */,
				223058B01998E6AA001094C4 /* Resources */,
				40CE62FEC769126FAB9639AB /* [CP] Embed Pods Frameworks */,
				DF78CBDC67BFE207EACF3595 /* [CP] Copy Pods Resources */,
			);
			buildRules = (
			);
			dependencies = (
			);
			name = Graph;
			productName = Graph;
			productReference = 223058B21998E6AA001094C4 /* Graph.app */;
			productType = "com.apple.product-type.application";
		};
/* End PBXNativeTarget section */

/* Begin PBXProject section */
		223058AA1998E6AA001094C4 /* Project object */ = {
			isa = PBXProject;
			attributes = {
				LastSwiftUpdateCheck = 0730;
				LastUpgradeCheck = 0920;
				ORGANIZATIONNAME = "Tim Davies";
				TargetAttributes = {
					223058B11998E6AA001094C4 = {
						CreatedOnToolsVersion = 6.0;
					};
				};
			};
			buildConfigurationList = 223058AD1998E6AA001094C4 /* Build configuration list for PBXProject "Graph" */;
			compatibilityVersion = "Xcode 3.2";
			developmentRegion = English;
			hasScannedForEncodings = 0;
			knownRegions = (
				en,
				Base,
			);
			mainGroup = 223058A91998E6AA001094C4;
			productRefGroup = 223058B31998E6AA001094C4 /* Products */;
			projectDirPath = "";
			projectRoot = "";
			targets = (
				223058B11998E6AA001094C4 /* Graph */,
			);
		};
/* End PBXProject section */

/* Begin PBXResourcesBuildPhase section */
		223058B01998E6AA001094C4 /* Resources */ = {
			isa = PBXResourcesBuildPhase;
			buildActionMask = 2147483647;
			files = (
				223058BF1998E6AB001094C4 /* Images.xcassets in Resources */,
				5242B86A1D989D3900B47A13 /* Storyboard.storyboard in Resources */,
			);
			runOnlyForDeploymentPostprocessing = 0;
		};
/* End PBXResourcesBuildPhase section */

/* Begin PBXShellScriptBuildPhase section */
		40CE62FEC769126FAB9639AB /* [CP] Embed Pods Frameworks */ = {
			isa = PBXShellScriptBuildPhase;
			buildActionMask = 2147483647;
			files = (
			);
			inputPaths = (
				"${SRCROOT}/Pods/Target Support Files/Pods-Graph/Pods-Graph-frameworks.sh",
				"${BUILT_PRODUCTS_DIR}/Alamofire/Alamofire.framework",
				"${BUILT_PRODUCTS_DIR}/SwiftyJSON/SwiftyJSON.framework",
			);
			name = "[CP] Embed Pods Frameworks";
			outputPaths = (
				"${TARGET_BUILD_DIR}/${FRAMEWORKS_FOLDER_PATH}/Alamofire.framework",
				"${TARGET_BUILD_DIR}/${FRAMEWORKS_FOLDER_PATH}/SwiftyJSON.framework",
			);
			runOnlyForDeploymentPostprocessing = 0;
			shellPath = /bin/sh;
			shellScript = "\"${SRCROOT}/Pods/Target Support Files/Pods-Graph/Pods-Graph-frameworks.sh\"\n";
			showEnvVarsInLog = 0;
		};
		67B64E9FA84D8D0F8D6FFB83 /* [CP] Check Pods Manifest.lock */ = {
			isa = PBXShellScriptBuildPhase;
			buildActionMask = 2147483647;
			files = (
			);
			inputPaths = (
				"${PODS_PODFILE_DIR_PATH}/Podfile.lock",
				"${PODS_ROOT}/Manifest.lock",
			);
			name = "[CP] Check Pods Manifest.lock";
			outputPaths = (
				"$(DERIVED_FILE_DIR)/Pods-Graph-checkManifestLockResult.txt",
			);
			runOnlyForDeploymentPostprocessing = 0;
			shellPath = /bin/sh;
			shellScript = "diff \"${PODS_PODFILE_DIR_PATH}/Podfile.lock\" \"${PODS_ROOT}/Manifest.lock\" > /dev/null\nif [ $? != 0 ] ; then\n    # print error to STDERR\n    echo \"error: The sandbox is not in sync with the Podfile.lock. Run 'pod install' or update your CocoaPods installation.\" >&2\n    exit 1\nfi\n# This output is used by Xcode 'outputs' to avoid re-running this script phase.\necho \"SUCCESS\" > \"${SCRIPT_OUTPUT_FILE_0}\"\n";
			showEnvVarsInLog = 0;
		};
		DF78CBDC67BFE207EACF3595 /* [CP] Copy Pods Resources */ = {
			isa = PBXShellScriptBuildPhase;
			buildActionMask = 2147483647;
			files = (
			);
			inputPaths = (
			);
			name = "[CP] Copy Pods Resources";
			outputPaths = (
			);
			runOnlyForDeploymentPostprocessing = 0;
			shellPath = /bin/sh;
			shellScript = "\"${SRCROOT}/Pods/Target Support Files/Pods-Graph/Pods-Graph-resources.sh\"\n";
			showEnvVarsInLog = 0;
		};
/* End PBXShellScriptBuildPhase section */

/* Begin PBXSourcesBuildPhase section */
		223058AE1998E6AA001094C4 /* Sources */ = {
			isa = PBXSourcesBuildPhase;
			buildActionMask = 2147483647;
			files = (
				223058BA1998E6AA001094C4 /* ViewController.swift in Sources */,
				223058B81998E6AA001094C4 /* AppDelegate.swift in Sources */,
				223058D51998E6E0001094C4 /* GraphView.swift in Sources */,
			);
			runOnlyForDeploymentPostprocessing = 0;
		};
/* End PBXSourcesBuildPhase section */

/* Begin XCBuildConfiguration section */
		223058CC1998E6AB001094C4 /* Debug */ = {
			isa = XCBuildConfiguration;
			buildSettings = {
				ALWAYS_SEARCH_USER_PATHS = NO;
				CLANG_CXX_LANGUAGE_STANDARD = "gnu++0x";
				CLANG_CXX_LIBRARY = "libc++";
				CLANG_ENABLE_MODULES = YES;
				CLANG_ENABLE_OBJC_ARC = YES;
				CLANG_WARN_BLOCK_CAPTURE_AUTORELEASING = YES;
				CLANG_WARN_BOOL_CONVERSION = YES;
				CLANG_WARN_COMMA = YES;
				CLANG_WARN_CONSTANT_CONVERSION = YES;
				CLANG_WARN_DIRECT_OBJC_ISA_USAGE = YES_ERROR;
				CLANG_WARN_EMPTY_BODY = YES;
				CLANG_WARN_ENUM_CONVERSION = YES;
				CLANG_WARN_INFINITE_RECURSION = YES;
				CLANG_WARN_INT_CONVERSION = YES;
				CLANG_WARN_NON_LITERAL_NULL_CONVERSION = YES;
				CLANG_WARN_OBJC_LITERAL_CONVERSION = YES;
				CLANG_WARN_OBJC_ROOT_CLASS = YES_ERROR;
				CLANG_WARN_RANGE_LOOP_ANALYSIS = YES;
				CLANG_WARN_STRICT_PROTOTYPES = YES;
				CLANG_WARN_SUSPICIOUS_MOVE = YES;
				CLANG_WARN_UNREACHABLE_CODE = YES;
				CLANG_WARN__DUPLICATE_METHOD_MATCH = YES;
				"CODE_SIGN_IDENTITY[sdk=iphoneos*]" = "iPhone Developer";
				COPY_PHASE_STRIP = NO;
				ENABLE_STRICT_OBJC_MSGSEND = YES;
				ENABLE_TESTABILITY = YES;
				GCC_C_LANGUAGE_STANDARD = gnu99;
				GCC_DYNAMIC_NO_PIC = NO;
				GCC_NO_COMMON_BLOCKS = YES;
				GCC_OPTIMIZATION_LEVEL = 0;
				GCC_PREPROCESSOR_DEFINITIONS = (
					"DEBUG=1",
					"$(inherited)",
				);
				GCC_SYMBOLS_PRIVATE_EXTERN = NO;
				GCC_WARN_64_TO_32_BIT_CONVERSION = YES;
				GCC_WARN_ABOUT_RETURN_TYPE = YES_ERROR;
				GCC_WARN_UNDECLARED_SELECTOR = YES;
				GCC_WARN_UNINITIALIZED_AUTOS = YES_AGGRESSIVE;
				GCC_WARN_UNUSED_FUNCTION = YES;
				GCC_WARN_UNUSED_VARIABLE = YES;
				IPHONEOS_DEPLOYMENT_TARGET = 8.0;
				MTL_ENABLE_DEBUG_INFO = YES;
				ONLY_ACTIVE_ARCH = YES;
				SDKROOT = iphoneos;
				SWIFT_OPTIMIZATION_LEVEL = "-Onone";
				TARGETED_DEVICE_FAMILY = "1,2";
			};
			name = Debug;
		};
		223058CD1998E6AB001094C4 /* Release */ = {
			isa = XCBuildConfiguration;
			buildSettings = {
				ALWAYS_SEARCH_USER_PATHS = NO;
				CLANG_CXX_LANGUAGE_STANDARD = "gnu++0x";
				CLANG_CXX_LIBRARY = "libc++";
				CLANG_ENABLE_MODULES = YES;
				CLANG_ENABLE_OBJC_ARC = YES;
				CLANG_WARN_BLOCK_CAPTURE_AUTORELEASING = YES;
				CLANG_WARN_BOOL_CONVERSION = YES;
				CLANG_WARN_COMMA = YES;
				CLANG_WARN_CONSTANT_CONVERSION = YES;
				CLANG_WARN_DIRECT_OBJC_ISA_USAGE = YES_ERROR;
				CLANG_WARN_EMPTY_BODY = YES;
				CLANG_WARN_ENUM_CONVERSION = YES;
				CLANG_WARN_INFINITE_RECURSION = YES;
				CLANG_WARN_INT_CONVERSION = YES;
				CLANG_WARN_NON_LITERAL_NULL_CONVERSION = YES;
				CLANG_WARN_OBJC_LITERAL_CONVERSION = YES;
				CLANG_WARN_OBJC_ROOT_CLASS = YES_ERROR;
				CLANG_WARN_RANGE_LOOP_ANALYSIS = YES;
				CLANG_WARN_STRICT_PROTOTYPES = YES;
				CLANG_WARN_SUSPICIOUS_MOVE = YES;
				CLANG_WARN_UNREACHABLE_CODE = YES;
				CLANG_WARN__DUPLICATE_METHOD_MATCH = YES;
				"CODE_SIGN_IDENTITY[sdk=iphoneos*]" = "iPhone Developer";
				COPY_PHASE_STRIP = YES;
				ENABLE_NS_ASSERTIONS = NO;
				ENABLE_STRICT_OBJC_MSGSEND = YES;
				GCC_C_LANGUAGE_STANDARD = gnu99;
				GCC_NO_COMMON_BLOCKS = YES;
				GCC_WARN_64_TO_32_BIT_CONVERSION = YES;
				GCC_WARN_ABOUT_RETURN_TYPE = YES_ERROR;
				GCC_WARN_UNDECLARED_SELECTOR = YES;
				GCC_WARN_UNINITIALIZED_AUTOS = YES_AGGRESSIVE;
				GCC_WARN_UNUSED_FUNCTION = YES;
				GCC_WARN_UNUSED_VARIABLE = YES;
				IPHONEOS_DEPLOYMENT_TARGET = 8.0;
				MTL_ENABLE_DEBUG_INFO = NO;
				SDKROOT = iphoneos;
				SWIFT_OPTIMIZATION_LEVEL = "-Owholemodule";
				TARGETED_DEVICE_FAMILY = "1,2";
				VALIDATE_PRODUCT = YES;
			};
			name = Release;
		};
		223058CF1998E6AB001094C4 /* Debug */ = {
			isa = XCBuildConfiguration;
			baseConfigurationReference = E448B8CF29FCEAB3BB56D53D /* Pods-Graph.debug.xcconfig */;
			buildSettings = {
				ASSETCATALOG_COMPILER_APPICON_NAME = AppIcon;
				ASSETCATALOG_COMPILER_LAUNCHIMAGE_NAME = LaunchImage;
				DEVELOPMENT_TEAM = "";
				INFOPLIST_FILE = Graph/Info.plist;
				IPHONEOS_DEPLOYMENT_TARGET = 8.0;
				LD_RUNPATH_SEARCH_PATHS = "$(inherited) @executable_path/Frameworks";
				PRODUCT_BUNDLE_IDENTIFIER = "com.v4technical.$(PRODUCT_NAME:rfc1034identifier)";
				PRODUCT_NAME = "$(TARGET_NAME)";
				SWIFT_VERSION = 4.0;
			};
			name = Debug;
		};
		223058D01998E6AB001094C4 /* Release */ = {
			isa = XCBuildConfiguration;
			baseConfigurationReference = 8C87DF4AC3D83D59C1973628 /* Pods-Graph.release.xcconfig */;
			buildSettings = {
				ASSETCATALOG_COMPILER_APPICON_NAME = AppIcon;
				ASSETCATALOG_COMPILER_LAUNCHIMAGE_NAME = LaunchImage;
				DEVELOPMENT_TEAM = "";
				INFOPLIST_FILE = Graph/Info.plist;
				IPHONEOS_DEPLOYMENT_TARGET = 8.0;
				LD_RUNPATH_SEARCH_PATHS = "$(inherited) @executable_path/Frameworks";
				PRODUCT_BUNDLE_IDENTIFIER = "com.v4technical.$(PRODUCT_NAME:rfc1034identifier)";
				PRODUCT_NAME = "$(TARGET_NAME)";
				SWIFT_VERSION = 4.0;
			};
			name = Release;
		};
/* End XCBuildConfiguration section */

/* Begin XCConfigurationList section */
		223058AD1998E6AA001094C4 /* Build configuration list for PBXProject "Graph" */ = {
			isa = XCConfigurationList;
			buildConfigurations = (
				223058CC1998E6AB001094C4 /* Debug */,
				223058CD1998E6AB001094C4 /* Release */,
			);
			defaultConfigurationIsVisible = 0;
			defaultConfigurationName = Release;
		};
		223058CE1998E6AB001094C4 /* Build configuration list for PBXNativeTarget "Graph" */ = {
			isa = XCConfigurationList;
			buildConfigurations = (
				223058CF1998E6AB001094C4 /* Debug */,
				223058D01998E6AB001094C4 /* Release */,
			);
			defaultConfigurationIsVisible = 0;
			defaultConfigurationName = Release;
		};
/* End XCConfigurationList section */
	};
	rootObject = 223058AA1998E6AA001094C4 /* Project object */;
}
